
Microsoft Visual Studio Solution File, Format Version 12.00
# Visual Studio Version 16
VisualStudioVersion = 16.0.30615.102
MinimumVisualStudioVersion = 10.0.40219.1
Project("{F2A71F9B-5D33-465A-A702-920D77279786}") = "TarotGuesser", "TarotGuesser.fsproj", "{6DD4E42E-0E02-429A-B598-8458CF110262}"
EndProject
Global
	GlobalSection(SolutionConfigurationPlatforms) = preSolution
		Debug|Any CPU = Debug|Any CPU
		Release|Any CPU = Release|Any CPU
	EndGlobalSection
	GlobalSection(ProjectConfigurationPlatforms) = postSolution
		{6DD4E42E-0E02-429A-B598-8458CF110262}.Debug|Any CPU.ActiveCfg = Debug|Any CPU
		{6DD4E42E-0E02-429A-B598-8458CF110262}.Debug|Any CPU.Build.0 = Debug|Any CPU
		{6DD4E42E-0E02-429A-B598-8458CF110262}.Release|Any CPU.ActiveCfg = Release|Any CPU
		{6DD4E42E-0E02-429A-B598-8458CF110262}.Release|Any CPU.Build.0 = Release|Any CPU
	EndGlobalSection
	GlobalSection(SolutionProperties) = preSolution
		HideSolutionNode = FALSE
	EndGlobalSection
	GlobalSection(ExtensibilityGlobals) = postSolution
		SolutionGuid = {A3358FAE-250E-4873-AC31-294C4E5B70B5}
	EndGlobalSection
EndGlobal
